// !$*UTF8*$!
{
	archiveVersion = 1;
	classes = {
	};
	objectVersion = 50;
	objects = {

/* Begin PBXBuildFile section */
		A7B7C20A4D76A839EEA49B7D /* libPods-DYLive.a in Frameworks */ = {isa = PBXBuildFile; fileRef = 902264045449F757D5B1FE4F /* libPods-DYLive.a */; };
		D0013A89251C86EE00ACD105 /* ReCommendVC.swift in Sources */ = {isa = PBXBuildFile; fileRef = D0013A88251C86EE00ACD105 /* ReCommendVC.swift */; };
		D0013A8F251C913500ACD105 /* CollectionHeaderView.swift in Sources */ = {isa = PBXBuildFile; fileRef = D0013A8D251C913500ACD105 /* CollectionHeaderView.swift */; };
		D0013A90251C913500ACD105 /* CollectionHeaderView.xib in Resources */ = {isa = PBXBuildFile; fileRef = D0013A8E251C913500ACD105 /* CollectionHeaderView.xib */; };
		D0013A96251C94D300ACD105 /* CollectionViewNormalCell.swift in Sources */ = {isa = PBXBuildFile; fileRef = D0013A94251C94D300ACD105 /* CollectionViewNormalCell.swift */; };
		D0013A97251C94D300ACD105 /* CollectionViewNormalCell.xib in Resources */ = {isa = PBXBuildFile; fileRef = D0013A95251C94D300ACD105 /* CollectionViewNormalCell.xib */; };
		D0013A9D251C98A900ACD105 /* CollectionPrettyCell.swift in Sources */ = {isa = PBXBuildFile; fileRef = D0013A9B251C98A900ACD105 /* CollectionPrettyCell.swift */; };
		D0013A9E251C98A900ACD105 /* CollectionPrettyCell.xib in Resources */ = {isa = PBXBuildFile; fileRef = D0013A9C251C98A900ACD105 /* CollectionPrettyCell.xib */; };
		D0013AB6251CA7B500ACD105 /* NetworkTools.swift in Sources */ = {isa = PBXBuildFile; fileRef = D0013AB5251CA7B500ACD105 /* NetworkTools.swift */; };
		D0013ABF251CABCD00ACD105 /* RecommendViewModel.swift in Sources */ = {isa = PBXBuildFile; fileRef = D0013ABE251CABCD00ACD105 /* RecommendViewModel.swift */; };
		D0013AC4251CAF8900ACD105 /* Foundation-Extension.swift in Sources */ = {isa = PBXBuildFile; fileRef = D0013AC3251CAF8900ACD105 /* Foundation-Extension.swift */; };
		D0013AC9251CB3C000ACD105 /* AnchorGroup.swift in Sources */ = {isa = PBXBuildFile; fileRef = D0013AC8251CB3C000ACD105 /* AnchorGroup.swift */; };
		D0013ADF251CE67800ACD105 /* AnchorModel.swift in Sources */ = {isa = PBXBuildFile; fileRef = D0013ADE251CE67800ACD105 /* AnchorModel.swift */; };
		D00DEA7B251B311A007BE78C /* AppDelegate.swift in Sources */ = {isa = PBXBuildFile; fileRef = D00DEA7A251B311A007BE78C /* AppDelegate.swift */; };
		D00DEA7D251B311A007BE78C /* SceneDelegate.swift in Sources */ = {isa = PBXBuildFile; fileRef = D00DEA7C251B311A007BE78C /* SceneDelegate.swift */; };
		D00DEA84251B311C007BE78C /* Assets.xcassets in Resources */ = {isa = PBXBuildFile; fileRef = D00DEA83251B311C007BE78C /* Assets.xcassets */; };
		D00DEA87251B311C007BE78C /* LaunchScreen.storyboard in Resources */ = {isa = PBXBuildFile; fileRef = D00DEA85251B311C007BE78C /* LaunchScreen.storyboard */; };
		D00DEA92251B311C007BE78C /* DYLiveTests.swift in Sources */ = {isa = PBXBuildFile; fileRef = D00DEA91251B311C007BE78C /* DYLiveTests.swift */; };
		D00DEA9D251B311C007BE78C /* DYLiveUITests.swift in Sources */ = {isa = PBXBuildFile; fileRef = D00DEA9C251B311C007BE78C /* DYLiveUITests.swift */; };
		D00DEABC251B316B007BE78C /* Home.storyboard in Resources */ = {isa = PBXBuildFile; fileRef = D00DEAB2251B316B007BE78C /* Home.storyboard */; };
		D00DEABD251B316B007BE78C /* Follow.storyboard in Resources */ = {isa = PBXBuildFile; fileRef = D00DEAB5251B316B007BE78C /* Follow.storyboard */; };
		D00DEABE251B316B007BE78C /* Profile.storyboard in Resources */ = {isa = PBXBuildFile; fileRef = D00DEAB7251B316B007BE78C /* Profile.storyboard */; };
		D00DEABF251B316B007BE78C /* Live.storyboard in Resources */ = {isa = PBXBuildFile; fileRef = D00DEAB9251B316B007BE78C /* Live.storyboard */; };
		D00DEAC0251B316B007BE78C /* Main.storyboard in Resources */ = {isa = PBXBuildFile; fileRef = D00DEABB251B316B007BE78C /* Main.storyboard */; };
		D00DEACE251B33CD007BE78C /* MainViewController.swift in Sources */ = {isa = PBXBuildFile; fileRef = D00DEACD251B33CD007BE78C /* MainViewController.swift */; };
		D00DEAD9251B3749007BE78C /* HomeViewController.swift in Sources */ = {isa = PBXBuildFile; fileRef = D00DEAD8251B3749007BE78C /* HomeViewController.swift */; };
		D00DEAE5251B3C09007BE78C /* UIBarButtonItem-Extension.swift in Sources */ = {isa = PBXBuildFile; fileRef = D00DEAE4251B3C09007BE78C /* UIBarButtonItem-Extension.swift */; };
		D00DEAEA251B41F4007BE78C /* PageTitleView.swift in Sources */ = {isa = PBXBuildFile; fileRef = D00DEAE9251B41F4007BE78C /* PageTitleView.swift */; };
		D00DEAF0251B435D007BE78C /* Common.swift in Sources */ = {isa = PBXBuildFile; fileRef = D00DEAEF251B435D007BE78C /* Common.swift */; };
		D00DEAF8251B5263007BE78C /* PageComtentView.swift in Sources */ = {isa = PBXBuildFile; fileRef = D00DEAF7251B5263007BE78C /* PageComtentView.swift */; };
		D00DEAFD251B5511007BE78C /* UIColor-Extension.swift in Sources */ = {isa = PBXBuildFile; fileRef = D00DEAFC251B5511007BE78C /* UIColor-Extension.swift */; };
		D012A686251F17E30053D32A /* GameVController.swift in Sources */ = {isa = PBXBuildFile; fileRef = D012A685251F17E20053D32A /* GameVController.swift */; };
		D012A68B251F1E580053D32A /* GameViewModel.swift in Sources */ = {isa = PBXBuildFile; fileRef = D012A68A251F1E580053D32A /* GameViewModel.swift */; };
		D012A690251F20840053D32A /* GameModel.swift in Sources */ = {isa = PBXBuildFile; fileRef = D012A68F251F20840053D32A /* GameModel.swift */; };
		D012A695251F21820053D32A /* BaseGameModel.swift in Sources */ = {isa = PBXBuildFile; fileRef = D012A694251F21820053D32A /* BaseGameModel.swift */; };
		D012A69D251F30500053D32A /* EntertainmentVC.swift in Sources */ = {isa = PBXBuildFile; fileRef = D012A69C251F30500053D32A /* EntertainmentVC.swift */; };
		D012A6A2251F32F70053D32A /* AmuseViewModel.swift in Sources */ = {isa = PBXBuildFile; fileRef = D012A6A1251F32F70053D32A /* AmuseViewModel.swift */; };
		D012A6A8251F37120053D32A /* BaseViewModel.swift in Sources */ = {isa = PBXBuildFile; fileRef = D012A6A7251F37120053D32A /* BaseViewModel.swift */; };
		D012A6B0251F39DF0053D32A /* BaseAnchorViewController.swift in Sources */ = {isa = PBXBuildFile; fileRef = D012A6AF251F39DF0053D32A /* BaseAnchorViewController.swift */; };
		D012A6B5251F44140053D32A /* AmuseMenuView.swift in Sources */ = {isa = PBXBuildFile; fileRef = D012A6B4251F44140053D32A /* AmuseMenuView.swift */; };
		D012A6BA251F442D0053D32A /* AmuseMenuView.xib in Resources */ = {isa = PBXBuildFile; fileRef = D012A6B9251F442D0053D32A /* AmuseMenuView.xib */; };
		D012A6C0251F4AC20053D32A /* AmuseMenuViewCell.swift in Sources */ = {isa = PBXBuildFile; fileRef = D012A6BE251F4AC20053D32A /* AmuseMenuViewCell.swift */; };
		D012A6C1251F4AC20053D32A /* AmuseMenuViewCell.xib in Resources */ = {isa = PBXBuildFile; fileRef = D012A6BF251F4AC20053D32A /* AmuseMenuViewCell.xib */; };
		D012A6C6251F53690053D32A /* FunToPlayVC.swift in Sources */ = {isa = PBXBuildFile; fileRef = D012A6C5251F53690053D32A /* FunToPlayVC.swift */; };
		D012A6D1251F59520053D32A /* FunnyViewModel.swift in Sources */ = {isa = PBXBuildFile; fileRef = D012A6D0251F59520053D32A /* FunnyViewModel.swift */; };
		D012A6D9251F66130053D32A /* BaseAnimationVController.swift in Sources */ = {isa = PBXBuildFile; fileRef = D012A6D8251F66130053D32A /* BaseAnimationVController.swift */; };
		D012A6E2251F6F4B0053D32A /* RoomShowViewController.swift in Sources */ = {isa = PBXBuildFile; fileRef = D012A6E1251F6F4B0053D32A /* RoomShowViewController.swift */; };
		D012A6EA251F6F6D0053D32A /* RoomNoramlViewController.swift in Sources */ = {isa = PBXBuildFile; fileRef = D012A6E9251F6F6D0053D32A /* RoomNoramlViewController.swift */; };
		D012A6EF251F73760053D32A /* CustomNavgationController.swift in Sources */ = {isa = PBXBuildFile; fileRef = D012A6EE251F73760053D32A /* CustomNavgationController.swift */; };
		D0135AFF2569843A00C5BBEB /* DYLiveViewController.swift in Sources */ = {isa = PBXBuildFile; fileRef = D0135AFE2569843A00C5BBEB /* DYLiveViewController.swift */; };
		D0135B1D25699B8B00C5BBEB /* DYVideoCell.swift in Sources */ = {isa = PBXBuildFile; fileRef = D0135B1B25699B8B00C5BBEB /* DYVideoCell.swift */; };
		D0135B1E25699B8B00C5BBEB /* DYVideoCell.xib in Resources */ = {isa = PBXBuildFile; fileRef = D0135B1C25699B8B00C5BBEB /* DYVideoCell.xib */; };
		D0135B2325699C3C00C5BBEB /* DYLiveAmuseView.swift in Sources */ = {isa = PBXBuildFile; fileRef = D0135B2225699C3C00C5BBEB /* DYLiveAmuseView.swift */; };
		D0135B2825699C6800C5BBEB /* DYLiveAmuseView.xib in Resources */ = {isa = PBXBuildFile; fileRef = D0135B2725699C6800C5BBEB /* DYLiveAmuseView.xib */; };
		D03C71912569C1F4009F775E /* UIHelper.swift in Sources */ = {isa = PBXBuildFile; fileRef = D03C71902569C1F4009F775E /* UIHelper.swift */; };
		D03C71962569CC1E009F775E /* ScaleAnimatorButton.swift in Sources */ = {isa = PBXBuildFile; fileRef = D03C71952569CC1E009F775E /* ScaleAnimatorButton.swift */; };
		D03C719C2569D484009F775E /* AVPlayerView.swift in Sources */ = {isa = PBXBuildFile; fileRef = D03C719B2569D484009F775E /* AVPlayerView.swift */; };
		D03C71A12569D4C5009F775E /* AVPlayerManager.swift in Sources */ = {isa = PBXBuildFile; fileRef = D03C71A02569D4C5009F775E /* AVPlayerManager.swift */; };
		D03C71A72569D5D0009F775E /* WebCacheManager.swift in Sources */ = {isa = PBXBuildFile; fileRef = D03C71A62569D5D0009F775E /* WebCacheManager.swift */; };
		D03C71AC2569D630009F775E /* String+.swift in Sources */ = {isa = PBXBuildFile; fileRef = D03C71AB2569D630009F775E /* String+.swift */; };
		D05CFE6A251DA23E00B86D33 /* CommendCyleView.swift in Sources */ = {isa = PBXBuildFile; fileRef = D05CFE69251DA23E00B86D33 /* CommendCyleView.swift */; };
		D05CFE6F251DA25A00B86D33 /* CommendCyleView.xib in Resources */ = {isa = PBXBuildFile; fileRef = D05CFE6E251DA25A00B86D33 /* CommendCyleView.xib */; };
		D05CFE74251DB85600B86D33 /* CycleModel.swift in Sources */ = {isa = PBXBuildFile; fileRef = D05CFE73251DB85600B86D33 /* CycleModel.swift */; };
		D05CFE7A251DBC1A00B86D33 /* CollectionCycleCell.swift in Sources */ = {isa = PBXBuildFile; fileRef = D05CFE78251DBC1A00B86D33 /* CollectionCycleCell.swift */; };
		D05CFE7B251DBC1A00B86D33 /* CollectionCycleCell.xib in Resources */ = {isa = PBXBuildFile; fileRef = D05CFE79251DBC1A00B86D33 /* CollectionCycleCell.xib */; };
		D05CFE80251DC6D100B86D33 /* RecommendGameView.swift in Sources */ = {isa = PBXBuildFile; fileRef = D05CFE7F251DC6D100B86D33 /* RecommendGameView.swift */; };
		D05CFE85251DC6DB00B86D33 /* RecommendGameView.xib in Resources */ = {isa = PBXBuildFile; fileRef = D05CFE84251DC6DB00B86D33 /* RecommendGameView.xib */; };
		D05CFE8B251DCD9300B86D33 /* CollectionGameCell.swift in Sources */ = {isa = PBXBuildFile; fileRef = D05CFE89251DCD9300B86D33 /* CollectionGameCell.swift */; };
		D05CFE8C251DCD9300B86D33 /* CollectionGameCell.xib in Resources */ = {isa = PBXBuildFile; fileRef = D05CFE8A251DCD9300B86D33 /* CollectionGameCell.xib */; };
		D05CFE97251DD59800B86D33 /* UIDevice-Extension.swift in Sources */ = {isa = PBXBuildFile; fileRef = D05CFE96251DD59800B86D33 /* UIDevice-Extension.swift */; };
		D06FC43A251D046900602504 /* CollectionBaseCell.swift in Sources */ = {isa = PBXBuildFile; fileRef = D06FC439251D046900602504 /* CollectionBaseCell.swift */; };
/* End PBXBuildFile section */

/* Begin PBXContainerItemProxy section */
		D00DEA8E251B311C007BE78C /* PBXContainerItemProxy */ = {
			isa = PBXContainerItemProxy;
			containerPortal = D00DEA6F251B311A007BE78C /* Project object */;
			proxyType = 1;
			remoteGlobalIDString = D00DEA76251B311A007BE78C;
			remoteInfo = DYLive;
		};
		D00DEA99251B311C007BE78C /* PBXContainerItemProxy */ = {
			isa = PBXContainerItemProxy;
			containerPortal = D00DEA6F251B311A007BE78C /* Project object */;
			proxyType = 1;
			remoteGlobalIDString = D00DEA76251B311A007BE78C;
			remoteInfo = DYLive;
		};
/* End PBXContainerItemProxy section */

/* Begin PBXFileReference section */
		60402CCAC0DFE2245761B8BE /* Pods-DYLive.release.xcconfig */ = {isa = PBXFileReference; includeInIndex = 1; lastKnownFileType = text.xcconfig; name = "Pods-DYLive.release.xcconfig"; path = "Target Support Files/Pods-DYLive/Pods-DYLive.release.xcconfig"; sourceTree = "<group>"; };
		726C92BB54825C3D4610FB7E /* Pods-DYLive.debug.xcconfig */ = {isa = PBXFileReference; includeInIndex = 1; lastKnownFileType = text.xcconfig; name = "Pods-DYLive.debug.xcconfig"; path = "Target Support Files/Pods-DYLive/Pods-DYLive.debug.xcconfig"; sourceTree = "<group>"; };
		902264045449F757D5B1FE4F /* libPods-DYLive.a */ = {isa = PBXFileReference; explicitFileType = archive.ar; includeInIndex = 0; path = "libPods-DYLive.a"; sourceTree = BUILT_PRODUCTS_DIR; };
		D0013A88251C86EE00ACD105 /* ReCommendVC.swift */ = {isa = PBXFileReference; lastKnownFileType = sourcecode.swift; path = ReCommendVC.swift; sourceTree = "<group>"; };
		D0013A8D251C913500ACD105 /* CollectionHeaderView.swift */ = {isa = PBXFileReference; lastKnownFileType = sourcecode.swift; path = CollectionHeaderView.swift; sourceTree = "<group>"; };
		D0013A8E251C913500ACD105 /* CollectionHeaderView.xib */ = {isa = PBXFileReference; lastKnownFileType = file.xib; path = CollectionHeaderView.xib; sourceTree = "<group>"; };
		D0013A94251C94D300ACD105 /* CollectionViewNormalCell.swift */ = {isa = PBXFileReference; lastKnownFileType = sourcecode.swift; path = CollectionViewNormalCell.swift; sourceTree = "<group>"; };
		D0013A95251C94D300ACD105 /* CollectionViewNormalCell.xib */ = {isa = PBXFileReference; lastKnownFileType = file.xib; path = CollectionViewNormalCell.xib; sourceTree = "<group>"; };
		D0013A9B251C98A900ACD105 /* CollectionPrettyCell.swift */ = {isa = PBXFileReference; lastKnownFileType = sourcecode.swift; path = CollectionPrettyCell.swift; sourceTree = "<group>"; };
		D0013A9C251C98A900ACD105 /* CollectionPrettyCell.xib */ = {isa = PBXFileReference; lastKnownFileType = file.xib; path = CollectionPrettyCell.xib; sourceTree = "<group>"; };
		D0013AB5251CA7B500ACD105 /* NetworkTools.swift */ = {isa = PBXFileReference; lastKnownFileType = sourcecode.swift; path = NetworkTools.swift; sourceTree = "<group>"; };
		D0013ABE251CABCD00ACD105 /* RecommendViewModel.swift */ = {isa = PBXFileReference; lastKnownFileType = sourcecode.swift; path = RecommendViewModel.swift; sourceTree = "<group>"; };
		D0013AC3251CAF8900ACD105 /* Foundation-Extension.swift */ = {isa = PBXFileReference; lastKnownFileType = sourcecode.swift; path = "Foundation-Extension.swift"; sourceTree = "<group>"; };
		D0013AC8251CB3C000ACD105 /* AnchorGroup.swift */ = {isa = PBXFileReference; lastKnownFileType = sourcecode.swift; path = AnchorGroup.swift; sourceTree = "<group>"; };
		D0013ACD251CB97700ACD105 /* libquic.tbd */ = {isa = PBXFileReference; lastKnownFileType = "sourcecode.text-based-dylib-definition"; name = libquic.tbd; path = usr/lib/libquic.tbd; sourceTree = SDKROOT; };
		D0013ADE251CE67800ACD105 /* AnchorModel.swift */ = {isa = PBXFileReference; lastKnownFileType = sourcecode.swift; path = AnchorModel.swift; sourceTree = "<group>"; };
		D00DEA77251B311A007BE78C /* DYLive.app */ = {isa = PBXFileReference; explicitFileType = wrapper.application; includeInIndex = 0; path = DYLive.app; sourceTree = BUILT_PRODUCTS_DIR; };
		D00DEA7A251B311A007BE78C /* AppDelegate.swift */ = {isa = PBXFileReference; lastKnownFileType = sourcecode.swift; path = AppDelegate.swift; sourceTree = "<group>"; };
		D00DEA7C251B311A007BE78C /* SceneDelegate.swift */ = {isa = PBXFileReference; lastKnownFileType = sourcecode.swift; path = SceneDelegate.swift; sourceTree = "<group>"; };
		D00DEA83251B311C007BE78C /* Assets.xcassets */ = {isa = PBXFileReference; lastKnownFileType = folder.assetcatalog; path = Assets.xcassets; sourceTree = "<group>"; };
		D00DEA86251B311C007BE78C /* Base */ = {isa = PBXFileReference; lastKnownFileType = file.storyboard; name = Base; path = Base.lproj/LaunchScreen.storyboard; sourceTree = "<group>"; };
		D00DEA88251B311C007BE78C /* Info.plist */ = {isa = PBXFileReference; lastKnownFileType = text.plist.xml; path = Info.plist; sourceTree = "<group>"; };
		D00DEA8D251B311C007BE78C /* DYLiveTests.xctest */ = {isa = PBXFileReference; explicitFileType = wrapper.cfbundle; includeInIndex = 0; path = DYLiveTests.xctest; sourceTree = BUILT_PRODUCTS_DIR; };
		D00DEA91251B311C007BE78C /* DYLiveTests.swift */ = {isa = PBXFileReference; lastKnownFileType = sourcecode.swift; path = DYLiveTests.swift; sourceTree = "<group>"; };
		D00DEA93251B311C007BE78C /* Info.plist */ = {isa = PBXFileReference; lastKnownFileType = text.plist.xml; path = Info.plist; sourceTree = "<group>"; };
		D00DEA98251B311C007BE78C /* DYLiveUITests.xctest */ = {isa = PBXFileReference; explicitFileType = wrapper.cfbundle; includeInIndex = 0; path = DYLiveUITests.xctest; sourceTree = BUILT_PRODUCTS_DIR; };
		D00DEA9C251B311C007BE78C /* DYLiveUITests.swift */ = {isa = PBXFileReference; lastKnownFileType = sourcecode.swift; path = DYLiveUITests.swift; sourceTree = "<group>"; };
		D00DEA9E251B311C007BE78C /* Info.plist */ = {isa = PBXFileReference; lastKnownFileType = text.plist.xml; path = Info.plist; sourceTree = "<group>"; };
		D00DEAB2251B316B007BE78C /* Home.storyboard */ = {isa = PBXFileReference; fileEncoding = 4; lastKnownFileType = file.storyboard; path = Home.storyboard; sourceTree = "<group>"; };
		D00DEAB5251B316B007BE78C /* Follow.storyboard */ = {isa = PBXFileReference; fileEncoding = 4; lastKnownFileType = file.storyboard; path = Follow.storyboard; sourceTree = "<group>"; };
		D00DEAB7251B316B007BE78C /* Profile.storyboard */ = {isa = PBXFileReference; fileEncoding = 4; lastKnownFileType = file.storyboard; path = Profile.storyboard; sourceTree = "<group>"; };
		D00DEAB9251B316B007BE78C /* Live.storyboard */ = {isa = PBXFileReference; fileEncoding = 4; lastKnownFileType = file.storyboard; path = Live.storyboard; sourceTree = "<group>"; };
		D00DEABB251B316B007BE78C /* Main.storyboard */ = {isa = PBXFileReference; fileEncoding = 4; lastKnownFileType = file.storyboard; path = Main.storyboard; sourceTree = "<group>"; };
		D00DEACD251B33CD007BE78C /* MainViewController.swift */ = {isa = PBXFileReference; lastKnownFileType = sourcecode.swift; path = MainViewController.swift; sourceTree = "<group>"; };
		D00DEAD8251B3749007BE78C /* HomeViewController.swift */ = {isa = PBXFileReference; lastKnownFileType = sourcecode.swift; path = HomeViewController.swift; sourceTree = "<group>"; };
		D00DEAE4251B3C09007BE78C /* UIBarButtonItem-Extension.swift */ = {isa = PBXFileReference; lastKnownFileType = sourcecode.swift; path = "UIBarButtonItem-Extension.swift"; sourceTree = "<group>"; };
		D00DEAE9251B41F4007BE78C /* PageTitleView.swift */ = {isa = PBXFileReference; lastKnownFileType = sourcecode.swift; path = PageTitleView.swift; sourceTree = "<group>"; };
		D00DEAEF251B435D007BE78C /* Common.swift */ = {isa = PBXFileReference; lastKnownFileType = sourcecode.swift; path = Common.swift; sourceTree = "<group>"; };
		D00DEAF7251B5263007BE78C /* PageComtentView.swift */ = {isa = PBXFileReference; lastKnownFileType = sourcecode.swift; path = PageComtentView.swift; sourceTree = "<group>"; };
		D00DEAFC251B5511007BE78C /* UIColor-Extension.swift */ = {isa = PBXFileReference; lastKnownFileType = sourcecode.swift; path = "UIColor-Extension.swift"; sourceTree = "<group>"; };
		D012A685251F17E20053D32A /* GameVController.swift */ = {isa = PBXFileReference; lastKnownFileType = sourcecode.swift; path = GameVController.swift; sourceTree = "<group>"; };
		D012A68A251F1E580053D32A /* GameViewModel.swift */ = {isa = PBXFileReference; lastKnownFileType = sourcecode.swift; path = GameViewModel.swift; sourceTree = "<group>"; };
		D012A68F251F20840053D32A /* GameModel.swift */ = {isa = PBXFileReference; lastKnownFileType = sourcecode.swift; path = GameModel.swift; sourceTree = "<group>"; };
		D012A694251F21820053D32A /* BaseGameModel.swift */ = {isa = PBXFileReference; lastKnownFileType = sourcecode.swift; path = BaseGameModel.swift; sourceTree = "<group>"; };
		D012A69C251F30500053D32A /* EntertainmentVC.swift */ = {isa = PBXFileReference; lastKnownFileType = sourcecode.swift; path = EntertainmentVC.swift; sourceTree = "<group>"; };
		D012A6A1251F32F70053D32A /* AmuseViewModel.swift */ = {isa = PBXFileReference; lastKnownFileType = sourcecode.swift; path = AmuseViewModel.swift; sourceTree = "<group>"; };
		D012A6A7251F37120053D32A /* BaseViewModel.swift */ = {isa = PBXFileReference; lastKnownFileType = sourcecode.swift; path = BaseViewModel.swift; sourceTree = "<group>"; };
		D012A6AF251F39DF0053D32A /* BaseAnchorViewController.swift */ = {isa = PBXFileReference; lastKnownFileType = sourcecode.swift; path = BaseAnchorViewController.swift; sourceTree = "<group>"; };
		D012A6B4251F44140053D32A /* AmuseMenuView.swift */ = {isa = PBXFileReference; lastKnownFileType = sourcecode.swift; path = AmuseMenuView.swift; sourceTree = "<group>"; };
		D012A6B9251F442D0053D32A /* AmuseMenuView.xib */ = {isa = PBXFileReference; lastKnownFileType = file.xib; path = AmuseMenuView.xib; sourceTree = "<group>"; };
		D012A6BE251F4AC20053D32A /* AmuseMenuViewCell.swift */ = {isa = PBXFileReference; lastKnownFileType = sourcecode.swift; path = AmuseMenuViewCell.swift; sourceTree = "<group>"; };
		D012A6BF251F4AC20053D32A /* AmuseMenuViewCell.xib */ = {isa = PBXFileReference; lastKnownFileType = file.xib; path = AmuseMenuViewCell.xib; sourceTree = "<group>"; };
		D012A6C5251F53690053D32A /* FunToPlayVC.swift */ = {isa = PBXFileReference; lastKnownFileType = sourcecode.swift; path = FunToPlayVC.swift; sourceTree = "<group>"; };
		D012A6D0251F59520053D32A /* FunnyViewModel.swift */ = {isa = PBXFileReference; lastKnownFileType = sourcecode.swift; path = FunnyViewModel.swift; sourceTree = "<group>"; };
		D012A6D8251F66130053D32A /* BaseAnimationVController.swift */ = {isa = PBXFileReference; lastKnownFileType = sourcecode.swift; path = BaseAnimationVController.swift; sourceTree = "<group>"; };
		D012A6E1251F6F4B0053D32A /* RoomShowViewController.swift */ = {isa = PBXFileReference; lastKnownFileType = sourcecode.swift; path = RoomShowViewController.swift; sourceTree = "<group>"; };
		D012A6E9251F6F6D0053D32A /* RoomNoramlViewController.swift */ = {isa = PBXFileReference; lastKnownFileType = sourcecode.swift; path = RoomNoramlViewController.swift; sourceTree = "<group>"; };
		D012A6EE251F73760053D32A /* CustomNavgationController.swift */ = {isa = PBXFileReference; lastKnownFileType = sourcecode.swift; path = CustomNavgationController.swift; sourceTree = "<group>"; };
		D0135AFE2569843A00C5BBEB /* DYLiveViewController.swift */ = {isa = PBXFileReference; lastKnownFileType = sourcecode.swift; path = DYLiveViewController.swift; sourceTree = "<group>"; };
		D0135B1B25699B8B00C5BBEB /* DYVideoCell.swift */ = {isa = PBXFileReference; lastKnownFileType = sourcecode.swift; path = DYVideoCell.swift; sourceTree = "<group>"; };
		D0135B1C25699B8B00C5BBEB /* DYVideoCell.xib */ = {isa = PBXFileReference; lastKnownFileType = file.xib; path = DYVideoCell.xib; sourceTree = "<group>"; };
		D0135B2225699C3C00C5BBEB /* DYLiveAmuseView.swift */ = {isa = PBXFileReference; lastKnownFileType = sourcecode.swift; path = DYLiveAmuseView.swift; sourceTree = "<group>"; };
		D0135B2725699C6800C5BBEB /* DYLiveAmuseView.xib */ = {isa = PBXFileReference; lastKnownFileType = file.xib; path = DYLiveAmuseView.xib; sourceTree = "<group>"; };
		D03C71902569C1F4009F775E /* UIHelper.swift */ = {isa = PBXFileReference; lastKnownFileType = sourcecode.swift; path = UIHelper.swift; sourceTree = "<group>"; };
		D03C71952569CC1E009F775E /* ScaleAnimatorButton.swift */ = {isa = PBXFileReference; lastKnownFileType = sourcecode.swift; path = ScaleAnimatorButton.swift; sourceTree = "<group>"; };
		D03C719B2569D484009F775E /* AVPlayerView.swift */ = {isa = PBXFileReference; lastKnownFileType = sourcecode.swift; path = AVPlayerView.swift; sourceTree = "<group>"; };
		D03C71A02569D4C5009F775E /* AVPlayerManager.swift */ = {isa = PBXFileReference; lastKnownFileType = sourcecode.swift; path = AVPlayerManager.swift; sourceTree = "<group>"; };
		D03C71A62569D5D0009F775E /* WebCacheManager.swift */ = {isa = PBXFileReference; lastKnownFileType = sourcecode.swift; path = WebCacheManager.swift; sourceTree = "<group>"; };
		D03C71AB2569D630009F775E /* String+.swift */ = {isa = PBXFileReference; lastKnownFileType = sourcecode.swift; path = "String+.swift"; sourceTree = "<group>"; };
		D05CFE69251DA23E00B86D33 /* CommendCyleView.swift */ = {isa = PBXFileReference; lastKnownFileType = sourcecode.swift; path = CommendCyleView.swift; sourceTree = "<group>"; };
		D05CFE6E251DA25A00B86D33 /* CommendCyleView.xib */ = {isa = PBXFileReference; lastKnownFileType = file.xib; path = CommendCyleView.xib; sourceTree = "<group>"; };
		D05CFE73251DB85600B86D33 /* CycleModel.swift */ = {isa = PBXFileReference; lastKnownFileType = sourcecode.swift; path = CycleModel.swift; sourceTree = "<group>"; };
		D05CFE78251DBC1A00B86D33 /* CollectionCycleCell.swift */ = {isa = PBXFileReference; lastKnownFileType = sourcecode.swift; path = CollectionCycleCell.swift; sourceTree = "<group>"; };
		D05CFE79251DBC1A00B86D33 /* CollectionCycleCell.xib */ = {isa = PBXFileReference; lastKnownFileType = file.xib; path = CollectionCycleCell.xib; sourceTree = "<group>"; };
		D05CFE7F251DC6D100B86D33 /* RecommendGameView.swift */ = {isa = PBXFileReference; lastKnownFileType = sourcecode.swift; path = RecommendGameView.swift; sourceTree = "<group>"; };
		D05CFE84251DC6DB00B86D33 /* RecommendGameView.xib */ = {isa = PBXFileReference; lastKnownFileType = file.xib; path = RecommendGameView.xib; sourceTree = "<group>"; };
		D05CFE89251DCD9300B86D33 /* CollectionGameCell.swift */ = {isa = PBXFileReference; lastKnownFileType = sourcecode.swift; path = CollectionGameCell.swift; sourceTree = "<group>"; };
		D05CFE8A251DCD9300B86D33 /* CollectionGameCell.xib */ = {isa = PBXFileReference; lastKnownFileType = file.xib; path = CollectionGameCell.xib; sourceTree = "<group>"; };
		D05CFE96251DD59800B86D33 /* UIDevice-Extension.swift */ = {isa = PBXFileReference; lastKnownFileType = sourcecode.swift; path = "UIDevice-Extension.swift"; sourceTree = "<group>"; };
		D06FC439251D046900602504 /* CollectionBaseCell.swift */ = {isa = PBXFileReference; lastKnownFileType = sourcecode.swift; path = CollectionBaseCell.swift; sourceTree = "<group>"; };
/* End PBXFileReference section */

/* Begin PBXFrameworksBuildPhase section */
		D00DEA74251B311A007BE78C /* Frameworks */ = {
			isa = PBXFrameworksBuildPhase;
			buildActionMask = 2147483647;
			files = (
				A7B7C20A4D76A839EEA49B7D /* libPods-DYLive.a in Frameworks */,
			);
			runOnlyForDeploymentPostprocessing = 0;
		};
		D00DEA8A251B311C007BE78C /* Frameworks */ = {
			isa = PBXFrameworksBuildPhase;
			buildActionMask = 2147483647;
			files = (
			);
			runOnlyForDeploymentPostprocessing = 0;
		};
		D00DEA95251B311C007BE78C /* Frameworks */ = {
			isa = PBXFrameworksBuildPhase;
			buildActionMask = 2147483647;
			files = (
			);
			runOnlyForDeploymentPostprocessing = 0;
		};
/* End PBXFrameworksBuildPhase section */

/* Begin PBXGroup section */
		33177F588329D153CED41354 /* Frameworks */ = {
			isa = PBXGroup;
			children = (
				D0013ACD251CB97700ACD105 /* libquic.tbd */,
				902264045449F757D5B1FE4F /* libPods-DYLive.a */,
			);
			name = Frameworks;
			sourceTree = "<group>";
		};
		40EFECDE069D3DE4921E6F21 /* Pods */ = {
			isa = PBXGroup;
			children = (
				726C92BB54825C3D4610FB7E /* Pods-DYLive.debug.xcconfig */,
				60402CCAC0DFE2245761B8BE /* Pods-DYLive.release.xcconfig */,
			);
			path = Pods;
			sourceTree = "<group>";
		};
		D0013ABD251CAB9A00ACD105 /* ViewModel */ = {
			isa = PBXGroup;
			children = (
				D0013ABE251CABCD00ACD105 /* RecommendViewModel.swift */,
				D012A68A251F1E580053D32A /* GameViewModel.swift */,
				D012A6A1251F32F70053D32A /* AmuseViewModel.swift */,
				D012A6D0251F59520053D32A /* FunnyViewModel.swift */,
			);
			path = ViewModel;
			sourceTree = "<group>";
		};
		D00DEA6E251B311A007BE78C = {
			isa = PBXGroup;
			children = (
				D00DEA79251B311A007BE78C /* DYLive */,
				D00DEA90251B311C007BE78C /* DYLiveTests */,
				D00DEA9B251B311C007BE78C /* DYLiveUITests */,
				D00DEA78251B311A007BE78C /* Products */,
				40EFECDE069D3DE4921E6F21 /* Pods */,
				33177F588329D153CED41354 /* Frameworks */,
			);
			sourceTree = "<group>";
		};
		D00DEA78251B311A007BE78C /* Products */ = {
			isa = PBXGroup;
			children = (
				D00DEA77251B311A007BE78C /* DYLive.app */,
				D00DEA8D251B311C007BE78C /* DYLiveTests.xctest */,
				D00DEA98251B311C007BE78C /* DYLiveUITests.xctest */,
			);
			name = Products;
			sourceTree = "<group>";
		};
		D00DEA79251B311A007BE78C /* DYLive */ = {
			isa = PBXGroup;
			children = (
				D00DEAB0251B316B007BE78C /* Classes */,
				D00DEA7A251B311A007BE78C /* AppDelegate.swift */,
				D00DEA7C251B311A007BE78C /* SceneDelegate.swift */,
				D00DEA83251B311C007BE78C /* Assets.xcassets */,
				D00DEA85251B311C007BE78C /* LaunchScreen.storyboard */,
				D00DEA88251B311C007BE78C /* Info.plist */,
			);
			path = DYLive;
			sourceTree = "<group>";
		};
		D00DEA90251B311C007BE78C /* DYLiveTests */ = {
			isa = PBXGroup;
			children = (
				D00DEA91251B311C007BE78C /* DYLiveTests.swift */,
				D00DEA93251B311C007BE78C /* Info.plist */,
			);
			path = DYLiveTests;
			sourceTree = "<group>";
		};
		D00DEA9B251B311C007BE78C /* DYLiveUITests */ = {
			isa = PBXGroup;
			children = (
				D00DEA9C251B311C007BE78C /* DYLiveUITests.swift */,
				D00DEA9E251B311C007BE78C /* Info.plist */,
			);
			path = DYLiveUITests;
			sourceTree = "<group>";
		};
		D00DEAB0251B316B007BE78C /* Classes */ = {
			isa = PBXGroup;
			children = (
				D00DEABA251B316B007BE78C /* Mian */,
				D012A6DD251F6EF60053D32A /* Room */,
				D00DEAB1251B316B007BE78C /* Home */,
				D00DEAB4251B316B007BE78C /* Follow */,
				D00DEAB6251B316B007BE78C /* Profile */,
				D00DEAB8251B316B007BE78C /* Live */,
				D00DEAB3251B316B007BE78C /* Tools */,
			);
			path = Classes;
			sourceTree = "<group>";
		};
		D00DEAB1251B316B007BE78C /* Home */ = {
			isa = PBXGroup;
			children = (
				D0013ABD251CAB9A00ACD105 /* ViewModel */,
				D00DEAD2251B36AA007BE78C /* VC */,
				D00DEAD4251B36C0007BE78C /* View */,
				D00DEAD3251B36B9007BE78C /* Model */,
			);
			path = Home;
			sourceTree = "<group>";
		};
		D00DEAB3251B316B007BE78C /* Tools */ = {
			isa = PBXGroup;
			children = (
				D00DEAEF251B435D007BE78C /* Common.swift */,
				D0013AB5251CA7B500ACD105 /* NetworkTools.swift */,
				D00DEAE3251B3BB6007BE78C /* Extension */,
			);
			path = Tools;
			sourceTree = "<group>";
		};
		D00DEAB4251B316B007BE78C /* Follow */ = {
			isa = PBXGroup;
			children = (
				D00DEAB5251B316B007BE78C /* Follow.storyboard */,
			);
			path = Follow;
			sourceTree = "<group>";
		};
		D00DEAB6251B316B007BE78C /* Profile */ = {
			isa = PBXGroup;
			children = (
				D00DEAB7251B316B007BE78C /* Profile.storyboard */,
			);
			path = Profile;
			sourceTree = "<group>";
		};
		D00DEAB8251B316B007BE78C /* Live */ = {
			isa = PBXGroup;
			children = (
				D03C71A52569D5C1009F775E /* WebCache */,
				D0135B1A25699B7E00C5BBEB /* View */,
				D0135B032569844200C5BBEB /* VC */,
			);
			path = Live;
			sourceTree = "<group>";
		};
		D00DEABA251B316B007BE78C /* Mian */ = {
			isa = PBXGroup;
			children = (
				D012A6A6251F36F20053D32A /* ViewModel */,
				D00DEAD5251B36DD007BE78C /* VC */,
				D00DEAD7251B3706007BE78C /* View */,
				D00DEAD6251B36FA007BE78C /* Model */,
				D00DEABB251B316B007BE78C /* Main.storyboard */,
			);
			path = Mian;
			sourceTree = "<group>";
		};
		D00DEAD2251B36AA007BE78C /* VC */ = {
			isa = PBXGroup;
			children = (
				D00DEAB2251B316B007BE78C /* Home.storyboard */,
				D00DEAD8251B3749007BE78C /* HomeViewController.swift */,
				D0013A88251C86EE00ACD105 /* ReCommendVC.swift */,
				D012A685251F17E20053D32A /* GameVController.swift */,
				D012A69C251F30500053D32A /* EntertainmentVC.swift */,
				D012A6C5251F53690053D32A /* FunToPlayVC.swift */,
			);
			path = VC;
			sourceTree = "<group>";
		};
		D00DEAD3251B36B9007BE78C /* Model */ = {
			isa = PBXGroup;
			children = (
				D05CFE73251DB85600B86D33 /* CycleModel.swift */,
				D012A68F251F20840053D32A /* GameModel.swift */,
			);
			path = Model;
			sourceTree = "<group>";
		};
		D00DEAD4251B36C0007BE78C /* View */ = {
			isa = PBXGroup;
			children = (
				D0013A8D251C913500ACD105 /* CollectionHeaderView.swift */,
				D0013A8E251C913500ACD105 /* CollectionHeaderView.xib */,
				D05CFE69251DA23E00B86D33 /* CommendCyleView.swift */,
				D05CFE6E251DA25A00B86D33 /* CommendCyleView.xib */,
				D05CFE78251DBC1A00B86D33 /* CollectionCycleCell.swift */,
				D05CFE79251DBC1A00B86D33 /* CollectionCycleCell.xib */,
				D05CFE7F251DC6D100B86D33 /* RecommendGameView.swift */,
				D05CFE84251DC6DB00B86D33 /* RecommendGameView.xib */,
				D05CFE89251DCD9300B86D33 /* CollectionGameCell.swift */,
				D05CFE8A251DCD9300B86D33 /* CollectionGameCell.xib */,
				D012A6B4251F44140053D32A /* AmuseMenuView.swift */,
				D012A6B9251F442D0053D32A /* AmuseMenuView.xib */,
				D012A6BE251F4AC20053D32A /* AmuseMenuViewCell.swift */,
				D012A6BF251F4AC20053D32A /* AmuseMenuViewCell.xib */,
			);
			path = View;
			sourceTree = "<group>";
		};
		D00DEAD5251B36DD007BE78C /* VC */ = {
			isa = PBXGroup;
			children = (
				D012A6EE251F73760053D32A /* CustomNavgationController.swift */,
				D00DEACD251B33CD007BE78C /* MainViewController.swift */,
				D012A6AF251F39DF0053D32A /* BaseAnchorViewController.swift */,
				D012A6D8251F66130053D32A /* BaseAnimationVController.swift */,
			);
			path = VC;
			sourceTree = "<group>";
		};
		D00DEAD6251B36FA007BE78C /* Model */ = {
			isa = PBXGroup;
			children = (
				D012A694251F21820053D32A /* BaseGameModel.swift */,
				D0013AC8251CB3C000ACD105 /* AnchorGroup.swift */,
				D0013ADE251CE67800ACD105 /* AnchorModel.swift */,
			);
			path = Model;
			sourceTree = "<group>";
		};
		D00DEAD7251B3706007BE78C /* View */ = {
			isa = PBXGroup;
			children = (
				D00DEAE9251B41F4007BE78C /* PageTitleView.swift */,
				D00DEAF7251B5263007BE78C /* PageComtentView.swift */,
				D0013A94251C94D300ACD105 /* CollectionViewNormalCell.swift */,
				D0013A95251C94D300ACD105 /* CollectionViewNormalCell.xib */,
				D0013A9B251C98A900ACD105 /* CollectionPrettyCell.swift */,
				D0013A9C251C98A900ACD105 /* CollectionPrettyCell.xib */,
				D06FC439251D046900602504 /* CollectionBaseCell.swift */,
			);
			path = View;
			sourceTree = "<group>";
		};
		D00DEAE3251B3BB6007BE78C /* Extension */ = {
			isa = PBXGroup;
			children = (
				D00DEAE4251B3C09007BE78C /* UIBarButtonItem-Extension.swift */,
				D00DEAFC251B5511007BE78C /* UIColor-Extension.swift */,
				D0013AC3251CAF8900ACD105 /* Foundation-Extension.swift */,
				D05CFE96251DD59800B86D33 /* UIDevice-Extension.swift */,
				D03C71902569C1F4009F775E /* UIHelper.swift */,
				D03C71952569CC1E009F775E /* ScaleAnimatorButton.swift */,
				D03C71AB2569D630009F775E /* String+.swift */,
			);
			path = Extension;
			sourceTree = "<group>";
		};
		D012A6A6251F36F20053D32A /* ViewModel */ = {
			isa = PBXGroup;
			children = (
				D012A6A7251F37120053D32A /* BaseViewModel.swift */,
			);
			path = ViewModel;
			sourceTree = "<group>";
		};
		D012A6DD251F6EF60053D32A /* Room */ = {
			isa = PBXGroup;
			children = (
				D012A6E0251F6F190053D32A /* VC */,
				D012A6DF251F6F130053D32A /* View */,
				D012A6DE251F6F0C0053D32A /* Model */,
			);
			path = Room;
			sourceTree = "<group>";
		};
		D012A6DE251F6F0C0053D32A /* Model */ = {
			isa = PBXGroup;
			children = (
			);
			path = Model;
			sourceTree = "<group>";
		};
		D012A6DF251F6F130053D32A /* View */ = {
			isa = PBXGroup;
			children = (
			);
			path = View;
			sourceTree = "<group>";
		};
		D012A6E0251F6F190053D32A /* VC */ = {
			isa = PBXGroup;
			children = (
				D012A6E1251F6F4B0053D32A /* RoomShowViewController.swift */,
				D012A6E9251F6F6D0053D32A /* RoomNoramlViewController.swift */,
			);
			path = VC;
			sourceTree = "<group>";
		};
		D0135B032569844200C5BBEB /* VC */ = {
			isa = PBXGroup;
			children = (
				D00DEAB9251B316B007BE78C /* Live.storyboard */,
				D0135AFE2569843A00C5BBEB /* DYLiveViewController.swift */,
			);
			path = VC;
			sourceTree = "<group>";
		};
		D0135B1A25699B7E00C5BBEB /* View */ = {
			isa = PBXGroup;
			children = (
				D03C719A2569D462009F775E /* AVplayer */,
				D0135B2225699C3C00C5BBEB /* DYLiveAmuseView.swift */,
				D0135B2725699C6800C5BBEB /* DYLiveAmuseView.xib */,
				D0135B1B25699B8B00C5BBEB /* DYVideoCell.swift */,
				D0135B1C25699B8B00C5BBEB /* DYVideoCell.xib */,
			);
			path = View;
			sourceTree = "<group>";
		};
		D03C719A2569D462009F775E /* AVplayer */ = {
			isa = PBXGroup;
			children = (
				D03C719B2569D484009F775E /* AVPlayerView.swift */,
				D03C71A02569D4C5009F775E /* AVPlayerManager.swift */,
			);
			path = AVplayer;
			sourceTree = "<group>";
		};
		D03C71A52569D5C1009F775E /* WebCache */ = {
			isa = PBXGroup;
			children = (
				D03C71A62569D5D0009F775E /* WebCacheManager.swift */,
			);
			path = WebCache;
			sourceTree = "<group>";
		};
/* End PBXGroup section */

/* Begin PBXNativeTarget section */
		D00DEA76251B311A007BE78C /* DYLive */ = {
			isa = PBXNativeTarget;
			buildConfigurationList = D00DEAA1251B311C007BE78C /* Build configuration list for PBXNativeTarget "DYLive" */;
			buildPhases = (
				D3F05EC35456CE86080283C5 /* [CP] Check Pods Manifest.lock */,
				D00DEA73251B311A007BE78C /* Sources */,
				D00DEA74251B311A007BE78C /* Frameworks */,
				D00DEA75251B311A007BE78C /* Resources */,
			);
			buildRules = (
			);
			dependencies = (
			);
			name = DYLive;
			productName = DYLive;
			productReference = D00DEA77251B311A007BE78C /* DYLive.app */;
			productType = "com.apple.product-type.application";
		};
		D00DEA8C251B311C007BE78C /* DYLiveTests */ = {
			isa = PBXNativeTarget;
			buildConfigurationList = D00DEAA4251B311C007BE78C /* Build configuration list for PBXNativeTarget "DYLiveTests" */;
			buildPhases = (
				D00DEA89251B311C007BE78C /* Sources */,
				D00DEA8A251B311C007BE78C /* Frameworks */,
				D00DEA8B251B311C007BE78C /* Resources */,
			);
			buildRules = (
			);
			dependencies = (
				D00DEA8F251B311C007BE78C /* PBXTargetDependency */,
			);
			name = DYLiveTests;
			productName = DYLiveTests;
			productReference = D00DEA8D251B311C007BE78C /* DYLiveTests.xctest */;
			productType = "com.apple.product-type.bundle.unit-test";
		};
		D00DEA97251B311C007BE78C /* DYLiveUITests */ = {
			isa = PBXNativeTarget;
			buildConfigurationList = D00DEAA7251B311C007BE78C /* Build configuration list for PBXNativeTarget "DYLiveUITests" */;
			buildPhases = (
				D00DEA94251B311C007BE78C /* Sources */,
				D00DEA95251B311C007BE78C /* Frameworks */,
				D00DEA96251B311C007BE78C /* Resources */,
			);
			buildRules = (
			);
			dependencies = (
				D00DEA9A251B311C007BE78C /* PBXTargetDependency */,
			);
			name = DYLiveUITests;
			productName = DYLiveUITests;
			productReference = D00DEA98251B311C007BE78C /* DYLiveUITests.xctest */;
			productType = "com.apple.product-type.bundle.ui-testing";
		};
/* End PBXNativeTarget section */

/* Begin PBXProject section */
		D00DEA6F251B311A007BE78C /* Project object */ = {
			isa = PBXProject;
			attributes = {
				LastSwiftUpdateCheck = 1200;
				LastUpgradeCheck = 1200;
				TargetAttributes = {
					D00DEA76251B311A007BE78C = {
						CreatedOnToolsVersion = 12.0;
					};
					D00DEA8C251B311C007BE78C = {
						CreatedOnToolsVersion = 12.0;
						TestTargetID = D00DEA76251B311A007BE78C;
					};
					D00DEA97251B311C007BE78C = {
						CreatedOnToolsVersion = 12.0;
						TestTargetID = D00DEA76251B311A007BE78C;
					};
				};
			};
			buildConfigurationList = D00DEA72251B311A007BE78C /* Build configuration list for PBXProject "DYLive" */;
			compatibilityVersion = "Xcode 9.3";
			developmentRegion = en;
			hasScannedForEncodings = 0;
			knownRegions = (
				en,
				Base,
			);
			mainGroup = D00DEA6E251B311A007BE78C;
			productRefGroup = D00DEA78251B311A007BE78C /* Products */;
			projectDirPath = "";
			projectRoot = "";
			targets = (
				D00DEA76251B311A007BE78C /* DYLive */,
				D00DEA8C251B311C007BE78C /* DYLiveTests */,
				D00DEA97251B311C007BE78C /* DYLiveUITests */,
			);
		};
/* End PBXProject section */

/* Begin PBXResourcesBuildPhase section */
		D00DEA75251B311A007BE78C /* Resources */ = {
			isa = PBXResourcesBuildPhase;
			buildActionMask = 2147483647;
			files = (
				D00DEABE251B316B007BE78C /* Profile.storyboard in Resources */,
				D012A6C1251F4AC20053D32A /* AmuseMenuViewCell.xib in Resources */,
				D0013A90251C913500ACD105 /* CollectionHeaderView.xib in Resources */,
				D00DEABD251B316B007BE78C /* Follow.storyboard in Resources */,
				D00DEA87251B311C007BE78C /* LaunchScreen.storyboard in Resources */,
				D00DEAC0251B316B007BE78C /* Main.storyboard in Resources */,
				D0013A97251C94D300ACD105 /* CollectionViewNormalCell.xib in Resources */,
				D00DEA84251B311C007BE78C /* Assets.xcassets in Resources */,
				D05CFE8C251DCD9300B86D33 /* CollectionGameCell.xib in Resources */,
				D0135B2825699C6800C5BBEB /* DYLiveAmuseView.xib in Resources */,
				D012A6BA251F442D0053D32A /* AmuseMenuView.xib in Resources */,
				D0013A9E251C98A900ACD105 /* CollectionPrettyCell.xib in Resources */,
				D05CFE7B251DBC1A00B86D33 /* CollectionCycleCell.xib in Resources */,
				D0135B1E25699B8B00C5BBEB /* DYVideoCell.xib in Resources */,
				D00DEABC251B316B007BE78C /* Home.storyboard in Resources */,
				D05CFE6F251DA25A00B86D33 /* CommendCyleView.xib in Resources */,
				D05CFE85251DC6DB00B86D33 /* RecommendGameView.xib in Resources */,
				D00DEABF251B316B007BE78C /* Live.storyboard in Resources */,
			);
			runOnlyForDeploymentPostprocessing = 0;
		};
		D00DEA8B251B311C007BE78C /* Resources */ = {
			isa = PBXResourcesBuildPhase;
			buildActionMask = 2147483647;
			files = (
			);
			runOnlyForDeploymentPostprocessing = 0;
		};
		D00DEA96251B311C007BE78C /* Resources */ = {
			isa = PBXResourcesBuildPhase;
			buildActionMask = 2147483647;
			files = (
			);
			runOnlyForDeploymentPostprocessing = 0;
		};
/* End PBXResourcesBuildPhase section */

/* Begin PBXShellScriptBuildPhase section */
		D3F05EC35456CE86080283C5 /* [CP] Check Pods Manifest.lock */ = {
			isa = PBXShellScriptBuildPhase;
			buildActionMask = 2147483647;
			files = (
			);
			inputFileListPaths = (
			);
			inputPaths = (
				"${PODS_PODFILE_DIR_PATH}/Podfile.lock",
				"${PODS_ROOT}/Manifest.lock",
			);
			name = "[CP] Check Pods Manifest.lock";
			outputFileListPaths = (
			);
			outputPaths = (
				"$(DERIVED_FILE_DIR)/Pods-DYLive-checkManifestLockResult.txt",
			);
			runOnlyForDeploymentPostprocessing = 0;
			shellPath = /bin/sh;
			shellScript = "diff \"${PODS_PODFILE_DIR_PATH}/Podfile.lock\" \"${PODS_ROOT}/Manifest.lock\" > /dev/null\nif [ $? != 0 ] ; then\n    # print error to STDERR\n    echo \"error: The sandbox is not in sync with the Podfile.lock. Run 'pod install' or update your CocoaPods installation.\" >&2\n    exit 1\nfi\n# This output is used by Xcode 'outputs' to avoid re-running this script phase.\necho \"SUCCESS\" > \"${SCRIPT_OUTPUT_FILE_0}\"\n";
			showEnvVarsInLog = 0;
		};
/* End PBXShellScriptBuildPhase section */

/* Begin PBXSourcesBuildPhase section */
		D00DEA73251B311A007BE78C /* Sources */ = {
			isa = PBXSourcesBuildPhase;
			buildActionMask = 2147483647;
			files = (
				D012A6D1251F59520053D32A /* FunnyViewModel.swift in Sources */,
				D012A6C0251F4AC20053D32A /* AmuseMenuViewCell.swift in Sources */,
				D0013AB6251CA7B500ACD105 /* NetworkTools.swift in Sources */,
				D0135AFF2569843A00C5BBEB /* DYLiveViewController.swift in Sources */,
				D0135B1D25699B8B00C5BBEB /* DYVideoCell.swift in Sources */,
				D00DEAEA251B41F4007BE78C /* PageTitleView.swift in Sources */,
				D012A6C6251F53690053D32A /* FunToPlayVC.swift in Sources */,
				D012A6E2251F6F4B0053D32A /* RoomShowViewController.swift in Sources */,
				D0013A8F251C913500ACD105 /* CollectionHeaderView.swift in Sources */,
				D0013A89251C86EE00ACD105 /* ReCommendVC.swift in Sources */,
				D05CFE80251DC6D100B86D33 /* RecommendGameView.swift in Sources */,
				D012A690251F20840053D32A /* GameModel.swift in Sources */,
				D03C71AC2569D630009F775E /* String+.swift in Sources */,
				D00DEAE5251B3C09007BE78C /* UIBarButtonItem-Extension.swift in Sources */,
				D012A6B5251F44140053D32A /* AmuseMenuView.swift in Sources */,
				D012A69D251F30500053D32A /* EntertainmentVC.swift in Sources */,
				D012A695251F21820053D32A /* BaseGameModel.swift in Sources */,
				D00DEAF8251B5263007BE78C /* PageComtentView.swift in Sources */,
				D05CFE74251DB85600B86D33 /* CycleModel.swift in Sources */,
				D03C719C2569D484009F775E /* AVPlayerView.swift in Sources */,
				D05CFE97251DD59800B86D33 /* UIDevice-Extension.swift in Sources */,
				D012A68B251F1E580053D32A /* GameViewModel.swift in Sources */,
				D0013AC4251CAF8900ACD105 /* Foundation-Extension.swift in Sources */,
				D0013A96251C94D300ACD105 /* CollectionViewNormalCell.swift in Sources */,
				D00DEACE251B33CD007BE78C /* MainViewController.swift in Sources */,
				D03C71912569C1F4009F775E /* UIHelper.swift in Sources */,
				D0013AC9251CB3C000ACD105 /* AnchorGroup.swift in Sources */,
				D03C71962569CC1E009F775E /* ScaleAnimatorButton.swift in Sources */,
				D012A6EA251F6F6D0053D32A /* RoomNoramlViewController.swift in Sources */,
				D00DEAFD251B5511007BE78C /* UIColor-Extension.swift in Sources */,
				D05CFE6A251DA23E00B86D33 /* CommendCyleView.swift in Sources */,
				D00DEA7B251B311A007BE78C /* AppDelegate.swift in Sources */,
				D03C71A12569D4C5009F775E /* AVPlayerManager.swift in Sources */,
				D012A6D9251F66130053D32A /* BaseAnimationVController.swift in Sources */,
				D06FC43A251D046900602504 /* CollectionBaseCell.swift in Sources */,
				D012A6B0251F39DF0053D32A /* BaseAnchorViewController.swift in Sources */,
				D012A6A8251F37120053D32A /* BaseViewModel.swift in Sources */,
				D00DEA7D251B311A007BE78C /* SceneDelegate.swift in Sources */,
				D03C71A72569D5D0009F775E /* WebCacheManager.swift in Sources */,
				D05CFE8B251DCD9300B86D33 /* CollectionGameCell.swift in Sources */,
				D012A6EF251F73760053D32A /* CustomNavgationController.swift in Sources */,
				D0013A9D251C98A900ACD105 /* CollectionPrettyCell.swift in Sources */,
				D012A686251F17E30053D32A /* GameVController.swift in Sources */,
				D00DEAD9251B3749007BE78C /* HomeViewController.swift in Sources */,
				D0013ABF251CABCD00ACD105 /* RecommendViewModel.swift in Sources */,
				D0135B2325699C3C00C5BBEB /* DYLiveAmuseView.swift in Sources */,
				D0013ADF251CE67800ACD105 /* AnchorModel.swift in Sources */,
				D05CFE7A251DBC1A00B86D33 /* CollectionCycleCell.swift in Sources */,
				D012A6A2251F32F70053D32A /* AmuseViewModel.swift in Sources */,
				D00DEAF0251B435D007BE78C /* Common.swift in Sources */,
			);
			runOnlyForDeploymentPostprocessing = 0;
		};
		D00DEA89251B311C007BE78C /* Sources */ = {
			isa = PBXSourcesBuildPhase;
			buildActionMask = 2147483647;
			files = (
				D00DEA92251B311C007BE78C /* DYLiveTests.swift in Sources */,
			);
			runOnlyForDeploymentPostprocessing = 0;
		};
		D00DEA94251B311C007BE78C /* Sources */ = {
			isa = PBXSourcesBuildPhase;
			buildActionMask = 2147483647;
			files = (
				D00DEA9D251B311C007BE78C /* DYLiveUITests.swift in Sources */,
			);
			runOnlyForDeploymentPostprocessing = 0;
		};
/* End PBXSourcesBuildPhase section */

/* Begin PBXTargetDependency section */
		D00DEA8F251B311C007BE78C /* PBXTargetDependency */ = {
			isa = PBXTargetDependency;
			target = D00DEA76251B311A007BE78C /* DYLive */;
			targetProxy = D00DEA8E251B311C007BE78C /* PBXContainerItemProxy */;
		};
		D00DEA9A251B311C007BE78C /* PBXTargetDependency */ = {
			isa = PBXTargetDependency;
			target = D00DEA76251B311A007BE78C /* DYLive */;
			targetProxy = D00DEA99251B311C007BE78C /* PBXContainerItemProxy */;
		};
/* End PBXTargetDependency section */

/* Begin PBXVariantGroup section */
		D00DEA85251B311C007BE78C /* LaunchScreen.storyboard */ = {
			isa = PBXVariantGroup;
			children = (
				D00DEA86251B311C007BE78C /* Base */,
			);
			name = LaunchScreen.storyboard;
			sourceTree = "<group>";
		};
/* End PBXVariantGroup section */

/* Begin XCBuildConfiguration section */
		D00DEA9F251B311C007BE78C /* Debug */ = {
			isa = XCBuildConfiguration;
			buildSettings = {
				ALWAYS_SEARCH_USER_PATHS = NO;
				CLANG_ANALYZER_NONNULL = YES;
				CLANG_ANALYZER_NUMBER_OBJECT_CONVERSION = YES_AGGRESSIVE;
				CLANG_CXX_LANGUAGE_STANDARD = "gnu++14";
				CLANG_CXX_LIBRARY = "libc++";
				CLANG_ENABLE_MODULES = YES;
				CLANG_ENABLE_OBJC_ARC = YES;
				CLANG_ENABLE_OBJC_WEAK = YES;
				CLANG_WARN_BLOCK_CAPTURE_AUTORELEASING = YES;
				CLANG_WARN_BOOL_CONVERSION = YES;
				CLANG_WARN_COMMA = YES;
				CLANG_WARN_CONSTANT_CONVERSION = YES;
				CLANG_WARN_DEPRECATED_OBJC_IMPLEMENTATIONS = YES;
				CLANG_WARN_DIRECT_OBJC_ISA_USAGE = YES_ERROR;
				CLANG_WARN_DOCUMENTATION_COMMENTS = YES;
				CLANG_WARN_EMPTY_BODY = YES;
				CLANG_WARN_ENUM_CONVERSION = YES;
				CLANG_WARN_INFINITE_RECURSION = YES;
				CLANG_WARN_INT_CONVERSION = YES;
				CLANG_WARN_NON_LITERAL_NULL_CONVERSION = YES;
				CLANG_WARN_OBJC_IMPLICIT_RETAIN_SELF = YES;
				CLANG_WARN_OBJC_LITERAL_CONVERSION = YES;
				CLANG_WARN_OBJC_ROOT_CLASS = YES_ERROR;
				CLANG_WARN_QUOTED_INCLUDE_IN_FRAMEWORK_HEADER = YES;
				CLANG_WARN_RANGE_LOOP_ANALYSIS = YES;
				CLANG_WARN_STRICT_PROTOTYPES = YES;
				CLANG_WARN_SUSPICIOUS_MOVE = YES;
				CLANG_WARN_UNGUARDED_AVAILABILITY = YES_AGGRESSIVE;
				CLANG_WARN_UNREACHABLE_CODE = YES;
				CLANG_WARN__DUPLICATE_METHOD_MATCH = YES;
				COPY_PHASE_STRIP = NO;
				DEBUG_INFORMATION_FORMAT = dwarf;
				ENABLE_STRICT_OBJC_MSGSEND = YES;
				ENABLE_TESTABILITY = YES;
				GCC_C_LANGUAGE_STANDARD = gnu11;
				GCC_DYNAMIC_NO_PIC = NO;
				GCC_NO_COMMON_BLOCKS = YES;
				GCC_OPTIMIZATION_LEVEL = 0;
				GCC_PREPROCESSOR_DEFINITIONS = (
					"DEBUG=1",
					"$(inherited)",
				);
				GCC_WARN_64_TO_32_BIT_CONVERSION = YES;
				GCC_WARN_ABOUT_RETURN_TYPE = YES_ERROR;
				GCC_WARN_UNDECLARED_SELECTOR = YES;
				GCC_WARN_UNINITIALIZED_AUTOS = YES_AGGRESSIVE;
				GCC_WARN_UNUSED_FUNCTION = YES;
				GCC_WARN_UNUSED_VARIABLE = YES;
				IPHONEOS_DEPLOYMENT_TARGET = 14.0;
				MTL_ENABLE_DEBUG_INFO = INCLUDE_SOURCE;
				MTL_FAST_MATH = YES;
				ONLY_ACTIVE_ARCH = YES;
				SDKROOT = iphoneos;
				SWIFT_ACTIVE_COMPILATION_CONDITIONS = DEBUG;
				SWIFT_OPTIMIZATION_LEVEL = "-Onone";
			};
			name = Debug;
		};
		D00DEAA0251B311C007BE78C /* Release */ = {
			isa = XCBuildConfiguration;
			buildSettings = {
				ALWAYS_SEARCH_USER_PATHS = NO;
				CLANG_ANALYZER_NONNULL = YES;
				CLANG_ANALYZER_NUMBER_OBJECT_CONVERSION = YES_AGGRESSIVE;
				CLANG_CXX_LANGUAGE_STANDARD = "gnu++14";
				CLANG_CXX_LIBRARY = "libc++";
				CLANG_ENABLE_MODULES = YES;
				CLANG_ENABLE_OBJC_ARC = YES;
				CLANG_ENABLE_OBJC_WEAK = YES;
				CLANG_WARN_BLOCK_CAPTURE_AUTORELEASING = YES;
				CLANG_WARN_BOOL_CONVERSION = YES;
				CLANG_WARN_COMMA = YES;
				CLANG_WARN_CONSTANT_CONVERSION = YES;
				CLANG_WARN_DEPRECATED_OBJC_IMPLEMENTATIONS = YES;
				CLANG_WARN_DIRECT_OBJC_ISA_USAGE = YES_ERROR;
				CLANG_WARN_DOCUMENTATION_COMMENTS = YES;
				CLANG_WARN_EMPTY_BODY = YES;
				CLANG_WARN_ENUM_CONVERSION = YES;
				CLANG_WARN_INFINITE_RECURSION = YES;
				CLANG_WARN_INT_CONVERSION = YES;
				CLANG_WARN_NON_LITERAL_NULL_CONVERSION = YES;
				CLANG_WARN_OBJC_IMPLICIT_RETAIN_SELF = YES;
				CLANG_WARN_OBJC_LITERAL_CONVERSION = YES;
				CLANG_WARN_OBJC_ROOT_CLASS = YES_ERROR;
				CLANG_WARN_QUOTED_INCLUDE_IN_FRAMEWORK_HEADER = YES;
				CLANG_WARN_RANGE_LOOP_ANALYSIS = YES;
				CLANG_WARN_STRICT_PROTOTYPES = YES;
				CLANG_WARN_SUSPICIOUS_MOVE = YES;
				CLANG_WARN_UNGUARDED_AVAILABILITY = YES_AGGRESSIVE;
				CLANG_WARN_UNREACHABLE_CODE = YES;
				CLANG_WARN__DUPLICATE_METHOD_MATCH = YES;
				COPY_PHASE_STRIP = NO;
				DEBUG_INFORMATION_FORMAT = "dwarf-with-dsym";
				ENABLE_NS_ASSERTIONS = NO;
				ENABLE_STRICT_OBJC_MSGSEND = YES;
				GCC_C_LANGUAGE_STANDARD = gnu11;
				GCC_NO_COMMON_BLOCKS = YES;
				GCC_WARN_64_TO_32_BIT_CONVERSION = YES;
				GCC_WARN_ABOUT_RETURN_TYPE = YES_ERROR;
				GCC_WARN_UNDECLARED_SELECTOR = YES;
				GCC_WARN_UNINITIALIZED_AUTOS = YES_AGGRESSIVE;
				GCC_WARN_UNUSED_FUNCTION = YES;
				GCC_WARN_UNUSED_VARIABLE = YES;
				IPHONEOS_DEPLOYMENT_TARGET = 14.0;
				MTL_ENABLE_DEBUG_INFO = NO;
				MTL_FAST_MATH = YES;
				SDKROOT = iphoneos;
				SWIFT_COMPILATION_MODE = wholemodule;
				SWIFT_OPTIMIZATION_LEVEL = "-O";
				VALIDATE_PRODUCT = YES;
			};
			name = Release;
		};
		D00DEAA2251B311C007BE78C /* Debug */ = {
			isa = XCBuildConfiguration;
			baseConfigurationReference = 726C92BB54825C3D4610FB7E /* Pods-DYLive.debug.xcconfig */;
			buildSettings = {
				ASSETCATALOG_COMPILER_APPICON_NAME = AppIcon;
				ASSETCATALOG_COMPILER_GLOBAL_ACCENT_COLOR_NAME = AccentColor;
				CODE_SIGN_STYLE = Automatic;
				DEVELOPMENT_ASSET_PATHS = "";
				DEVELOPMENT_TEAM = 5Q735C3JH8;
				EXCLUDED_ARCHS = "";
				INFOPLIST_FILE = DYLive/Info.plist;
				IPHONEOS_DEPLOYMENT_TARGET = 9.0;
				LD_RUNPATH_SEARCH_PATHS = (
					"$(inherited)",
					"@executable_path/Frameworks",
				);
				PRODUCT_BUNDLE_IDENTIFIER = ChengduPaiyeCompany.DYLive;
				PRODUCT_NAME = "$(TARGET_NAME)";
				SWIFT_VERSION = 5.0;
				TARGETED_DEVICE_FAMILY = 1;
			};
			name = Debug;
		};
		D00DEAA3251B311C007BE78C /* Release */ = {
			isa = XCBuildConfiguration;
			baseConfigurationReference = 60402CCAC0DFE2245761B8BE /* Pods-DYLive.release.xcconfig */;
			buildSettings = {
				ASSETCATALOG_COMPILER_APPICON_NAME = AppIcon;
				ASSETCATALOG_COMPILER_GLOBAL_ACCENT_COLOR_NAME = AccentColor;
				CODE_SIGN_STYLE = Automatic;
				DEVELOPMENT_ASSET_PATHS = "";
				DEVELOPMENT_TEAM = 5Q735C3JH8;
				EXCLUDED_ARCHS = "";
				INFOPLIST_FILE = DYLive/Info.plist;
				IPHONEOS_DEPLOYMENT_TARGET = 9.0;
				LD_RUNPATH_SEARCH_PATHS = (
					"$(inherited)",
					"@executable_path/Frameworks",
				);
				PRODUCT_BUNDLE_IDENTIFIER = ChengduPaiyeCompany.DYLive;
				PRODUCT_NAME = "$(TARGET_NAME)";
				SWIFT_VERSION = 5.0;
				TARGETED_DEVICE_FAMILY = 1;
			};
			name = Release;
		};
		D00DEAA5251B311C007BE78C /* Debug */ = {
			isa = XCBuildConfiguration;
			buildSettings = {
				ALWAYS_EMBED_SWIFT_STANDARD_LIBRARIES = YES;
				BUNDLE_LOADER = "$(TEST_HOST)";
				CODE_SIGN_STYLE = Automatic;
				DEVELOPMENT_TEAM = FKF3T2BH4Z;
				INFOPLIST_FILE = DYLiveTests/Info.plist;
				IPHONEOS_DEPLOYMENT_TARGET = 14.0;
				LD_RUNPATH_SEARCH_PATHS = (
					"$(inherited)",
					"@executable_path/Frameworks",
					"@loader_path/Frameworks",
				);
				PRODUCT_BUNDLE_IDENTIFIER = ChengduPaiyeCompany.DYLiveTests;
				PRODUCT_NAME = "$(TARGET_NAME)";
				SWIFT_VERSION = 5.0;
				TARGETED_DEVICE_FAMILY = "1,2";
				TEST_HOST = "$(BUILT_PRODUCTS_DIR)/DYLive.app/DYLive";
			};
			name = Debug;
		};
		D00DEAA6251B311C007BE78C /* Release */ = {
			isa = XCBuildConfiguration;
			buildSettings = {
				ALWAYS_EMBED_SWIFT_STANDARD_LIBRARIES = YES;
				BUNDLE_LOADER = "$(TEST_HOST)";
				CODE_SIGN_STYLE = Automatic;
				DEVELOPMENT_TEAM = FKF3T2BH4Z;
				INFOPLIST_FILE = DYLiveTests/Info.plist;
				IPHONEOS_DEPLOYMENT_TARGET = 14.0;
				LD_RUNPATH_SEARCH_PATHS = (
					"$(inherited)",
					"@executable_path/Frameworks",
					"@loader_path/Frameworks",
				);
				PRODUCT_BUNDLE_IDENTIFIER = ChengduPaiyeCompany.DYLiveTests;
				PRODUCT_NAME = "$(TARGET_NAME)";
				SWIFT_VERSION = 5.0;
				TARGETED_DEVICE_FAMILY = "1,2";
				TEST_HOST = "$(BUILT_PRODUCTS_DIR)/DYLive.app/DYLive";
			};
			name = Release;
		};
		D00DEAA8251B311C007BE78C /* Debug */ = {
			isa = XCBuildConfiguration;
			buildSettings = {
				ALWAYS_EMBED_SWIFT_STANDARD_LIBRARIES = YES;
				CODE_SIGN_STYLE = Automatic;
				DEVELOPMENT_TEAM = FKF3T2BH4Z;
				INFOPLIST_FILE = DYLiveUITests/Info.plist;
				LD_RUNPATH_SEARCH_PATHS = (
					"$(inherited)",
					"@executable_path/Frameworks",
					"@loader_path/Frameworks",
				);
				PRODUCT_BUNDLE_IDENTIFIER = ChengduPaiyeCompany.DYLiveUITests;
				PRODUCT_NAME = "$(TARGET_NAME)";
				SWIFT_VERSION = 5.0;
				TARGETED_DEVICE_FAMILY = "1,2";
				TEST_TARGET_NAME = DYLive;
			};
			name = Debug;
		};
		D00DEAA9251B311C007BE78C /* Release */ = {
			isa = XCBuildConfiguration;
			buildSettings = {
				ALWAYS_EMBED_SWIFT_STANDARD_LIBRARIES = YES;
				CODE_SIGN_STYLE = Automatic;
				DEVELOPMENT_TEAM = FKF3T2BH4Z;
				INFOPLIST_FILE = DYLiveUITests/Info.plist;
				LD_RUNPATH_SEARCH_PATHS = (
					"$(inherited)",
					"@executable_path/Frameworks",
					"@loader_path/Frameworks",
				);
				PRODUCT_BUNDLE_IDENTIFIER = ChengduPaiyeCompany.DYLiveUITests;
				PRODUCT_NAME = "$(TARGET_NAME)";
				SWIFT_VERSION = 5.0;
				TARGETED_DEVICE_FAMILY = "1,2";
				TEST_TARGET_NAME = DYLive;
			};
			name = Release;
		};
/* End XCBuildConfiguration section */

/* Begin XCConfigurationList section */
		D00DEA72251B311A007BE78C /* Build configuration list for PBXProject "DYLive" */ = {
			isa = XCConfigurationList;
			buildConfigurations = (
				D00DEA9F251B311C007BE78C /* Debug */,
				D00DEAA0251B311C007BE78C /* Release */,
			);
			defaultConfigurationIsVisible = 0;
			defaultConfigurationName = Release;
		};
		D00DEAA1251B311C007BE78C /* Build configuration list for PBXNativeTarget "DYLive" */ = {
			isa = XCConfigurationList;
			buildConfigurations = (
				D00DEAA2251B311C007BE78C /* Debug */,
				D00DEAA3251B311C007BE78C /* Release */,
			);
			defaultConfigurationIsVisible = 0;
			defaultConfigurationName = Release;
		};
		D00DEAA4251B311C007BE78C /* Build configuration list for PBXNativeTarget "DYLiveTests" */ = {
			isa = XCConfigurationList;
			buildConfigurations = (
				D00DEAA5251B311C007BE78C /* Debug */,
				D00DEAA6251B311C007BE78C /* Release */,
			);
			defaultConfigurationIsVisible = 0;
			defaultConfigurationName = Release;
		};
		D00DEAA7251B311C007BE78C /* Build configuration list for PBXNativeTarget "DYLiveUITests" */ = {
			isa = XCConfigurationList;
			buildConfigurations = (
				D00DEAA8251B311C007BE78C /* Debug */,
				D00DEAA9251B311C007BE78C /* Release */,
			);
			defaultConfigurationIsVisible = 0;
			defaultConfigurationName = Release;
		};
/* End XCConfigurationList section */
	};
	rootObject = D00DEA6F251B311A007BE78C /* Project object */;
}
